GEM
  remote: https://rubygems.org/
  specs:
    ansi (1.5.0)
    builder (3.3.0)
    cli-ui (2.2.3)
    mini_portile2 (2.8.9)
    minitest (5.25.2)
    minitest-reporters (1.7.1)
      ansi
      builder
      minitest (>= 5.0)
      ruby-progressbar
    nokogiri (1.16.7)
      mini_portile2 (~> 2.8.2)
      racc (~> 1.4)
    openssl (3.3.2)
    racc (1.8.1)
    ruby-progressbar (1.13.0)

PLATFORMS
  arm64-darwin-21
  arm64-darwin-22
  arm64-darwin-23
  arm64-darwin-24
  arm64-darwin-25
  x86_64-darwin-20

DEPENDENCIES
  cli-ui
  minitest-reporters
  nokogiri
  openssl (~> 3.3.1)

BUNDLED WITH
   2.3.26
